<?xml version="1.0" encoding="utf-8"?>
<Project ToolsVersion="4.0" xmlns="http://schemas.microsoft.com/developer/msbuild/2003">
  <ItemGroup>
    <Filter Include="Source Files">
      <UniqueIdentifier>{4FC737F1-C7A5-4376-A066-2A32D752A2FF}</UniqueIdentifier>
      <Extensions>cpp;c;cc;cxx;def;odl;idl;hpj;bat;asm;asmx</Extensions>
    </Filter>
    <Filter Include="Header Files">
      <UniqueIdentifier>{93995380-89BD-4b04-88EB-625FBE52EBFB}</UniqueIdentifier>
      <Extensions>h;hh;hpp;hxx;hm;inl;inc;xsd</Extensions>
    </Filter>
    <Filter Include="Resource Files">
      <UniqueIdentifier>{67DA6AB6-F800-4c08-8B7A-83BB121AAD01}</UniqueIdentifier>
      <Extensions>rc;ico;cur;bmp;dlg;rc2;rct;bin;rgs;gif;jpg;jpeg;jpe;resx;tiff;tif;png;wav</Extensions>
    </Filter>
  </ItemGroup>
  <ItemGroup>
    <ClCompile Include="main.cpp">
      <Filter>Source Files</Filter>
    </ClCompile>
    <ClCompile Include="lexer\lexer.cpp">
      <Filter>Source Files</Filter>
    </ClCompile>
    <ClCompile Include="lexer\Token.cpp">
      <Filter>Source Files</Filter>
    </ClCompile>
    <ClCompile Include="parser\parser.cpp">
      <Filter>Source Files</Filter>
    </ClCompile>
    <ClCompile Include="AST.cpp">
      <Filter>Source Files</Filter>
    </ClCompile>
    <ClCompile Include="ASTFactory.cpp">
      <Filter>Source Files</Filter>
    </ClCompile>
    <ClCompile Include="tokenAST.cpp">
      <Filter>Source Files</Filter>
    </ClCompile>
    <ClCompile Include="compositeConceptToken.cpp">
      <Filter>Source Files</Filter>
    </ClCompile>
    <ClCompile Include="compositeConcept.cpp">
      <Filter>Header Files</Filter>
    </ClCompile>
  </ItemGroup>
  <ItemGroup>
    <ClInclude Include="lexer\lexer.h">
      <Filter>Header Files</Filter>
    </ClInclude>
    <ClInclude Include="lexer\Token.h">
      <Filter>Header Files</Filter>
    </ClInclude>
    <ClInclude Include="parser\parser.h">
      <Filter>Header Files</Filter>
    </ClInclude>
    <ClInclude Include="prog.h">
      <Filter>Header Files</Filter>
    </ClInclude>
    <ClInclude Include="classList.h">
      <Filter>Header Files</Filter>
    </ClInclude>
    <ClInclude Include="implDeflist.h">
      <Filter>Header Files</Filter>
    </ClInclude>
    <ClInclude Include="funcDefList.h">
      <Filter>Header Files</Filter>
    </ClInclude>
    <ClInclude Include="classDecl.h">
      <Filter>Header Files</Filter>
    </ClInclude>
    <ClInclude Include="isaList.h">
      <Filter>Header Files</Filter>
    </ClInclude>
    <ClInclude Include="memberList.h">
      <Filter>Header Files</Filter>
    </ClInclude>
    <ClInclude Include="visMemberDecl.h">
      <Filter>Header Files</Filter>
    </ClInclude>
    <ClInclude Include="isa.h">
      <Filter>Header Files</Filter>
    </ClInclude>
    <ClInclude Include="visibility.h">
      <Filter>Header Files</Filter>
    </ClInclude>
    <ClInclude Include="memDecl.h">
      <Filter>Header Files</Filter>
    </ClInclude>
    <ClInclude Include="implDef.h">
      <Filter>Header Files</Filter>
    </ClInclude>
    <ClInclude Include="implBody.h">
      <Filter>Header Files</Filter>
    </ClInclude>
    <ClInclude Include="attrDecl.h">
      <Filter>Header Files</Filter>
    </ClInclude>
    <ClInclude Include="funcDecl.h">
      <Filter>Header Files</Filter>
    </ClInclude>
    <ClInclude Include="funcDef.h">
      <Filter>Header Files</Filter>
    </ClInclude>
    <ClInclude Include="funcHead.h">
      <Filter>Header Files</Filter>
    </ClInclude>
    <ClInclude Include="funcBody.h">
      <Filter>Header Files</Filter>
    </ClInclude>
    <ClInclude Include="statementlist.h">
      <Filter>Header Files</Filter>
    </ClInclude>
    <ClInclude Include="localVarDeclList.h">
      <Filter>Header Files</Filter>
    </ClInclude>
    <ClInclude Include="varDecl.h">
      <Filter>Header Files</Filter>
    </ClInclude>
    <ClInclude Include="localVarDecl.h">
      <Filter>Header Files</Filter>
    </ClInclude>
    <ClInclude Include="statement.h">
      <Filter>Header Files</Filter>
    </ClInclude>
    <ClInclude Include="ifStat.h">
      <Filter>Header Files</Filter>
    </ClInclude>
    <ClInclude Include="readStat.h">
      <Filter>Header Files</Filter>
    </ClInclude>
    <ClInclude Include="returnStat.h">
      <Filter>Header Files</Filter>
    </ClInclude>
    <ClInclude Include="whileStat.h">
      <Filter>Header Files</Filter>
    </ClInclude>
    <ClInclude Include="writeStat.h">
      <Filter>Header Files</Filter>
    </ClInclude>
    <ClInclude Include="statBlock.h">
      <Filter>Header Files</Filter>
    </ClInclude>
    <ClInclude Include="expr.h">
      <Filter>Header Files</Filter>
    </ClInclude>
    <ClInclude Include="extraExpr.h">
      <Filter>Header Files</Filter>
    </ClInclude>
    <ClInclude Include="arithExpr.h">
      <Filter>Header Files</Filter>
    </ClInclude>
    <ClInclude Include="relOp.h">
      <Filter>Header Files</Filter>
    </ClInclude>
    <ClInclude Include="relExpr.h">
      <Filter>Header Files</Filter>
    </ClInclude>
    <ClInclude Include="term.h">
      <Filter>Header Files</Filter>
    </ClInclude>
    <ClInclude Include="addTermList.h">
      <Filter>Header Files</Filter>
    </ClInclude>
    <ClInclude Include="addTermArithExpr.h">
      <Filter>Header Files</Filter>
    </ClInclude>
    <ClInclude Include="sign.h">
      <Filter>Header Files</Filter>
    </ClInclude>
    <ClInclude Include="factor.h">
      <Filter>Header Files</Filter>
    </ClInclude>
    <ClInclude Include="addFactorList.h">
      <Filter>Header Files</Filter>
    </ClInclude>
    <ClInclude Include="recFactor.h">
      <Filter>Header Files</Filter>
    </ClInclude>
    <ClInclude Include="addOp.h">
      <Filter>Header Files</Filter>
    </ClInclude>
    <ClInclude Include="multOp.h">
      <Filter>Header Files</Filter>
    </ClInclude>
    <ClInclude Include="floatLit.h">
      <Filter>Header Files</Filter>
    </ClInclude>
    <ClInclude Include="intLit.h">
      <Filter>Header Files</Filter>
    </ClInclude>
    <ClInclude Include="notFactor.h">
      <Filter>Header Files</Filter>
    </ClInclude>
    <ClInclude Include="signFactor.h">
      <Filter>Header Files</Filter>
    </ClInclude>
    <ClInclude Include="ASTFactory.h">
      <Filter>Header Files</Filter>
    </ClInclude>
    <ClInclude Include="AST.h">
      <Filter>Header Files</Filter>
    </ClInclude>
    <ClInclude Include="tokenAST.h">
      <Filter>Header Files</Filter>
    </ClInclude>
    <ClInclude Include="compositeConceptToken.h">
      <Filter>Header Files</Filter>
    </ClInclude>
    <ClInclude Include="parserUtility.h">
      <Filter>Header Files</Filter>
    </ClInclude>
  </ItemGroup>
</Project>